
Microsoft Visual Studio Solution File, Format Version 12.00
# Visual Studio 15
VisualStudioVersion = 15.0.28307.421
MinimumVisualStudioVersion = 10.0.40219.1
Project("{8BC9CEB8-8B4A-11D0-8D11-00A0C91BC942}") = "CustodyChain", "CustodyChain\CustodyChain.vcxproj", "{F72D6E96-A331-48E5-8790-E5875CD3DB5F}"
EndProject
Global
	GlobalSection(SolutionConfigurationPlatforms) = preSolution
		Debug|x64 = Debug|x64
		Debug|x86 = Debug|x86
		Release|x64 = Release|x64
		Release|x86 = Release|x86
	EndGlobalSection
	GlobalSection(ProjectConfigurationPlatforms) = postSolution
		{F72D6E96-A331-48E5-8790-E5875CD3DB5F}.Debug|x64.ActiveCfg = Debug|x64
		{F72D6E96-A331-48E5-8790-E5875CD3DB5F}.Debug|x64.Build.0 = Debug|x64
		{F72D6E96-A331-48E5-8790-E5875CD3DB5F}.Debug|x86.ActiveCfg = Debug|Win32
		{F72D6E96-A331-48E5-8790-E5875CD3DB5F}.Debug|x86.Build.0 = Debug|Win32
		{F72D6E96-A331-48E5-8790-E5875CD3DB5F}.Release|x64.ActiveCfg = Release|x64
		{F72D6E96-A331-48E5-8790-E5875CD3DB5F}.Release|x64.Build.0 = Release|x64
		{F72D6E96-A331-48E5-8790-E5875CD3DB5F}.Release|x86.ActiveCfg = Release|Win32
		{F72D6E96-A331-48E5-8790-E5875CD3DB5F}.Release|x86.Build.0 = Release|Win32
	EndGlobalSection
	GlobalSection(SolutionProperties) = preSolution
		HideSolutionNode = FALSE
	EndGlobalSection
	GlobalSection(ExtensibilityGlobals) = postSolution
		SolutionGuid = {7B6AA47F-0D5A-4F02-9F8B-03B5CCF4C3BC}
	EndGlobalSection
EndGlobal
